
Microsoft Visual Studio Solution File, Format Version 12.00
# Visual Studio Version 16
VisualStudioVersion = 16.0.29326.143
MinimumVisualStudioVersion = 10.0.40219.1
Project("{888888A0-9F3D-457C-B088-3A5042F75D52}") = "IW4MAdmin.Master", "IW4MAdmin.Master.pyproj", "{8E417041-FF6F-456C-B743-637D42DC30B3}"
EndProject
Global
	GlobalSection(SolutionConfigurationPlatforms) = preSolution
		Debug|Any CPU = Debug|Any CPU
		Release|Any CPU = Release|Any CPU
	EndGlobalSection
	GlobalSection(ProjectConfigurationPlatforms) = postSolution
		{8E417041-FF6F-456C-B743-637D42DC30B3}.Debug|Any CPU.ActiveCfg = Debug|Any CPU
		{8E417041-FF6F-456C-B743-637D42DC30B3}.Release|Any CPU.ActiveCfg = Release|Any CPU
	EndGlobalSection
	GlobalSection(SolutionProperties) = preSolution
		HideSolutionNode = FALSE
	EndGlobalSection
	GlobalSection(ExtensibilityGlobals) = postSolution
		SolutionGuid = {CEABF69F-49F6-4699-B824-7946421B9894}
	EndGlobalSection
EndGlobal
